
Microsoft Visual Studio Solution File, Format Version 12.00
# Visual Studio Version 16
VisualStudioVersion = 16.0.30717.126
MinimumVisualStudioVersion = 10.0.40219.1
Project("{FAE04EC0-301F-11D3-BF4B-00C04F79EFBC}") = "Actividad.Mobile.UWP", "Actividad.Mobile\Actividad.Mobile.UWP\Actividad.Mobile.UWP.csproj", "{5349E566-28B4-49AA-A10D-ADF863FB2491}"
EndProject
Project("{FAE04EC0-301F-11D3-BF4B-00C04F79EFBC}") = "Actividad.Mobile.Android", "Actividad.Mobile\Actividad.Mobile.Android\Actividad.Mobile.Android.csproj", "{9BCEC86C-D4F6-4BE2-B9D8-FE151D4F90C7}"
EndProject
Project("{FAE04EC0-301F-11D3-BF4B-00C04F79EFBC}") = "Actividad.Mobile.iOS", "Actividad.Mobile\Actividad.Mobile.iOS\Actividad.Mobile.iOS.csproj", "{E81C0383-B43E-40AA-803E-C990BB25EAF1}"
EndProject
Project("{FAE04EC0-301F-11D3-BF4B-00C04F79EFBC}") = "Actividad.Mobile", "Actividad.Mobile\Actividad.Mobile\Actividad.Mobile.csproj", "{5A6D3403-D787-424A-B45F-BCC9E8AE65BA}"
EndProject
Project("{FAE04EC0-301F-11D3-BF4B-00C04F79EFBC}") = "Actividad.Api", "Actividad.Api\Actividad.Api.csproj", "{145F531A-E077-4B16-A4FC-991E321D82DC}"
EndProject
Project("{FAE04EC0-301F-11D3-BF4B-00C04F79EFBC}") = "Actividad.Data", "Actividad.Data\Actividad.Data.csproj", "{75AF3F2F-79BD-46EC-B5B4-0003DF615AF3}"
EndProject
Global
	GlobalSection(SolutionConfigurationPlatforms) = preSolution
		Debug|Any CPU = Debug|Any CPU
		Debug|ARM = Debug|ARM
		Debug|iPhone = Debug|iPhone
		Debug|iPhoneSimulator = Debug|iPhoneSimulator
		Debug|x64 = Debug|x64
		Debug|x86 = Debug|x86
		Release|Any CPU = Release|Any CPU
		Release|ARM = Release|ARM
		Release|iPhone = Release|iPhone
		Release|iPhoneSimulator = Release|iPhoneSimulator
		Release|x64 = Release|x64
		Release|x86 = Release|x86
	EndGlobalSection
	GlobalSection(ProjectConfigurationPlatforms) = postSolution
		{5349E566-28B4-49AA-A10D-ADF863FB2491}.Debug|Any CPU.ActiveCfg = Debug|x86
		{5349E566-28B4-49AA-A10D-ADF863FB2491}.Debug|Any CPU.Build.0 = Debug|x86
		{5349E566-28B4-49AA-A10D-ADF863FB2491}.Debug|Any CPU.Deploy.0 = Debug|x86
		{5349E566-28B4-49AA-A10D-ADF863FB2491}.Debug|ARM.ActiveCfg = Debug|ARM
		{5349E566-28B4-49AA-A10D-ADF863FB2491}.Debug|ARM.Build.0 = Debug|ARM
		{5349E566-28B4-49AA-A10D-ADF863FB2491}.Debug|ARM.Deploy.0 = Debug|ARM
		{5349E566-28B4-49AA-A10D-ADF863FB2491}.Debug|iPhone.ActiveCfg = Debug|x86
		{5349E566-28B4-49AA-A10D-ADF863FB2491}.Debug|iPhone.Build.0 = Debug|x86
		{5349E566-28B4-49AA-A10D-ADF863FB2491}.Debug|iPhone.Deploy.0 = Debug|x86
		{5349E566-28B4-49AA-A10D-ADF863FB2491}.Debug|iPhoneSimulator.ActiveCfg = Debug|x86
		{5349E566-28B4-49AA-A10D-ADF863FB2491}.Debug|iPhoneSimulator.Build.0 = Debug|x86
		{5349E566-28B4-49AA-A10D-ADF863FB2491}.Debug|iPhoneSimulator.Deploy.0 = Debug|x86
		{5349E566-28B4-49AA-A10D-ADF863FB2491}.Debug|x64.ActiveCfg = Debug|x64
		{5349E566-28B4-49AA-A10D-ADF863FB2491}.Debug|x64.Build.0 = Debug|x64
		{5349E566-28B4-49AA-A10D-ADF863FB2491}.Debug|x64.Deploy.0 = Debug|x64
		{5349E566-28B4-49AA-A10D-ADF863FB2491}.Debug|x86.ActiveCfg = Debug|x86
		{5349E566-28B4-49AA-A10D-ADF863FB2491}.Debug|x86.Build.0 = Debug|x86
		{5349E566-28B4-49AA-A10D-ADF863FB2491}.Debug|x86.Deploy.0 = Debug|x86
		{5349E566-28B4-49AA-A10D-ADF863FB2491}.Release|Any CPU.ActiveCfg = Release|x86
		{5349E566-28B4-49AA-A10D-ADF863FB2491}.Release|Any CPU.Build.0 = Release|x86
		{5349E566-28B4-49AA-A10D-ADF863FB2491}.Release|Any CPU.Deploy.0 = Release|x86
		{5349E566-28B4-49AA-A10D-ADF863FB2491}.Release|ARM.ActiveCfg = Release|ARM
		{5349E566-28B4-49AA-A10D-ADF863FB2491}.Release|ARM.Build.0 = Release|ARM
		{5349E566-28B4-49AA-A10D-ADF863FB2491}.Release|ARM.Deploy.0 = Release|ARM
		{5349E566-28B4-49AA-A10D-ADF863FB2491}.Release|iPhone.ActiveCfg = Release|x86
		{5349E566-28B4-49AA-A10D-ADF863FB2491}.Release|iPhone.Build.0 = Release|x86
		{5349E566-28B4-49AA-A10D-ADF863FB2491}.Release|iPhone.Deploy.0 = Release|x86
		{5349E566-28B4-49AA-A10D-ADF863FB2491}.Release|iPhoneSimulator.ActiveCfg = Release|x86
		{5349E566-28B4-49AA-A10D-ADF863FB2491}.Release|iPhoneSimulator.Build.0 = Release|x86
		{5349E566-28B4-49AA-A10D-ADF863FB2491}.Release|iPhoneSimulator.Deploy.0 = Release|x86
		{5349E566-28B4-49AA-A10D-ADF863FB2491}.Release|x64.ActiveCfg = Release|x64
		{5349E566-28B4-49AA-A10D-ADF863FB2491}.Release|x64.Build.0 = Release|x64
		{5349E566-28B4-49AA-A10D-ADF863FB2491}.Release|x64.Deploy.0 = Release|x64
		{5349E566-28B4-49AA-A10D-ADF863FB2491}.Release|x86.ActiveCfg = Release|x86
		{5349E566-28B4-49AA-A10D-ADF863FB2491}.Release|x86.Build.0 = Release|x86
		{5349E566-28B4-49AA-A10D-ADF863FB2491}.Release|x86.Deploy.0 = Release|x86
		{9BCEC86C-D4F6-4BE2-B9D8-FE151D4F90C7}.Debug|Any CPU.ActiveCfg = Debug|Any CPU
		{9BCEC86C-D4F6-4BE2-B9D8-FE151D4F90C7}.Debug|Any CPU.Build.0 = Debug|Any CPU
		{9BCEC86C-D4F6-4BE2-B9D8-FE151D4F90C7}.Debug|Any CPU.Deploy.0 = Debug|Any CPU
		{9BCEC86C-D4F6-4BE2-B9D8-FE151D4F90C7}.Debug|ARM.ActiveCfg = Debug|Any CPU
		{9BCEC86C-D4F6-4BE2-B9D8-FE151D4F90C7}.Debug|ARM.Build.0 = Debug|Any CPU
		{9BCEC86C-D4F6-4BE2-B9D8-FE151D4F90C7}.Debug|ARM.Deploy.0 = Debug|Any CPU
		{9BCEC86C-D4F6-4BE2-B9D8-FE151D4F90C7}.Debug|iPhone.ActiveCfg = Debug|Any CPU
		{9BCEC86C-D4F6-4BE2-B9D8-FE151D4F90C7}.Debug|iPhone.Build.0 = Debug|Any CPU
		{9BCEC86C-D4F6-4BE2-B9D8-FE151D4F90C7}.Debug|iPhone.Deploy.0 = Debug|Any CPU
		{9BCEC86C-D4F6-4BE2-B9D8-FE151D4F90C7}.Debug|iPhoneSimulator.ActiveCfg = Debug|Any CPU
		{9BCEC86C-D4F6-4BE2-B9D8-FE151D4F90C7}.Debug|iPhoneSimulator.Build.0 = Debug|Any CPU
		{9BCEC86C-D4F6-4BE2-B9D8-FE151D4F90C7}.Debug|iPhoneSimulator.Deploy.0 = Debug|Any CPU
		{9BCEC86C-D4F6-4BE2-B9D8-FE151D4F90C7}.Debug|x64.ActiveCfg = Debug|Any CPU
		{9BCEC86C-D4F6-4BE2-B9D8-FE151D4F90C7}.Debug|x64.Build.0 = Debug|Any CPU
		{9BCEC86C-D4F6-4BE2-B9D8-FE151D4F90C7}.Debug|x64.Deploy.0 = Debug|Any CPU
		{9BCEC86C-D4F6-4BE2-B9D8-FE151D4F90C7}.Debug|x86.ActiveCfg = Debug|Any CPU
		{9BCEC86C-D4F6-4BE2-B9D8-FE151D4F90C7}.Debug|x86.Build.0 = Debug|Any CPU
		{9BCEC86C-D4F6-4BE2-B9D8-FE151D4F90C7}.Debug|x86.Deploy.0 = Debug|Any CPU
		{9BCEC86C-D4F6-4BE2-B9D8-FE151D4F90C7}.Release|Any CPU.ActiveCfg = Release|Any CPU
		{9BCEC86C-D4F6-4BE2-B9D8-FE151D4F90C7}.Release|Any CPU.Build.0 = Release|Any CPU
		{9BCEC86C-D4F6-4BE2-B9D8-FE151D4F90C7}.Release|Any CPU.Deploy.0 = Release|Any CPU
		{9BCEC86C-D4F6-4BE2-B9D8-FE151D4F90C7}.Release|ARM.ActiveCfg = Release|Any CPU
		{9BCEC86C-D4F6-4BE2-B9D8-FE151D4F90C7}.Release|ARM.Build.0 = Release|Any CPU
		{9BCEC86C-D4F6-4BE2-B9D8-FE151D4F90C7}.Release|ARM.Deploy.0 = Release|Any CPU
		{9BCEC86C-D4F6-4BE2-B9D8-FE151D4F90C7}.Release|iPhone.ActiveCfg = Release|Any CPU
		{9BCEC86C-D4F6-4BE2-B9D8-FE151D4F90C7}.Release|iPhone.Build.0 = Release|Any CPU
		{9BCEC86C-D4F6-4BE2-B9D8-FE151D4F90C7}.Release|iPhone.Deploy.0 = Release|Any CPU
		{9BCEC86C-D4F6-4BE2-B9D8-FE151D4F90C7}.Release|iPhoneSimulator.ActiveCfg = Release|Any CPU
		{9BCEC86C-D4F6-4BE2-B9D8-FE151D4F90C7}.Release|iPhoneSimulator.Build.0 = Release|Any CPU
		{9BCEC86C-D4F6-4BE2-B9D8-FE151D4F90C7}.Release|iPhoneSimulator.Deploy.0 = Release|Any CPU
		{9BCEC86C-D4F6-4BE2-B9D8-FE151D4F90C7}.Release|x64.ActiveCfg = Release|Any CPU
		{9BCEC86C-D4F6-4BE2-B9D8-FE151D4F90C7}.Release|x64.Build.0 = Release|Any CPU
		{9BCEC86C-D4F6-4BE2-B9D8-FE151D4F90C7}.Release|x64.Deploy.0 = Release|Any CPU
		{9BCEC86C-D4F6-4BE2-B9D8-FE151D4F90C7}.Release|x86.ActiveCfg = Release|Any CPU
		{9BCEC86C-D4F6-4BE2-B9D8-FE151D4F90C7}.Release|x86.Build.0 = Release|Any CPU
		{9BCEC86C-D4F6-4BE2-B9D8-FE151D4F90C7}.Release|x86.Deploy.0 = Release|Any CPU
		{E81C0383-B43E-40AA-803E-C990BB25EAF1}.Debug|Any CPU.ActiveCfg = Debug|iPhoneSimulator
		{E81C0383-B43E-40AA-803E-C990BB25EAF1}.Debug|Any CPU.Build.0 = Debug|iPhoneSimulator
		{E81C0383-B43E-40AA-803E-C990BB25EAF1}.Debug|Any CPU.Deploy.0 = Debug|iPhoneSimulator
		{E81C0383-B43E-40AA-803E-C990BB25EAF1}.Debug|ARM.ActiveCfg = Debug|iPhone
		{E81C0383-B43E-40AA-803E-C990BB25EAF1}.Debug|ARM.Build.0 = Debug|iPhone
		{E81C0383-B43E-40AA-803E-C990BB25EAF1}.Debug|ARM.Deploy.0 = Debug|iPhone
		{E81C0383-B43E-40AA-803E-C990BB25EAF1}.Debug|iPhone.ActiveCfg = Debug|iPhone
		{E81C0383-B43E-40AA-803E-C990BB25EAF1}.Debug|iPhone.Build.0 = Debug|iPhone
		{E81C0383-B43E-40AA-803E-C990BB25EAF1}.Debug|iPhone.Deploy.0 = Debug|iPhone
		{E81C0383-B43E-40AA-803E-C990BB25EAF1}.Debug|iPhoneSimulator.ActiveCfg = Debug|iPhoneSimulator
		{E81C0383-B43E-40AA-803E-C990BB25EAF1}.Debug|iPhoneSimulator.Build.0 = Debug|iPhoneSimulator
		{E81C0383-B43E-40AA-803E-C990BB25EAF1}.Debug|iPhoneSimulator.Deploy.0 = Debug|iPhoneSimulator
		{E81C0383-B43E-40AA-803E-C990BB25EAF1}.Debug|x64.ActiveCfg = Debug|iPhoneSimulator
		{E81C0383-B43E-40AA-803E-C990BB25EAF1}.Debug|x64.Build.0 = Debug|iPhoneSimulator
		{E81C0383-B43E-40AA-803E-C990BB25EAF1}.Debug|x64.Deploy.0 = Debug|iPhoneSimulator
		{E81C0383-B43E-40AA-803E-C990BB25EAF1}.Debug|x86.ActiveCfg = Debug|iPhoneSimulator
		{E81C0383-B43E-40AA-803E-C990BB25EAF1}.Debug|x86.Build.0 = Debug|iPhoneSimulator
		{E81C0383-B43E-40AA-803E-C990BB25EAF1}.Debug|x86.Deploy.0 = Debug|iPhoneSimulator
		{E81C0383-B43E-40AA-803E-C990BB25EAF1}.Release|Any CPU.ActiveCfg = Release|iPhoneSimulator
		{E81C0383-B43E-40AA-803E-C990BB25EAF1}.Release|Any CPU.Build.0 = Release|iPhoneSimulator
		{E81C0383-B43E-40AA-803E-C990BB25EAF1}.Release|Any CPU.Deploy.0 = Release|iPhoneSimulator
		{E81C0383-B43E-40AA-803E-C990BB25EAF1}.Release|ARM.ActiveCfg = Release|iPhoneSimulator
		{E81C0383-B43E-40AA-803E-C990BB25EAF1}.Release|ARM.Build.0 = Release|iPhoneSimulator
		{E81C0383-B43E-40AA-803E-C990BB25EAF1}.Release|ARM.Deploy.0 = Release|iPhoneSimulator
		{E81C0383-B43E-40AA-803E-C990BB25EAF1}.Release|iPhone.ActiveCfg = Release|iPhone
		{E81C0383-B43E-40AA-803E-C990BB25EAF1}.Release|iPhone.Build.0 = Release|iPhone
		{E81C0383-B43E-40AA-803E-C990BB25EAF1}.Release|iPhone.Deploy.0 = Release|iPhone
		{E81C0383-B43E-40AA-803E-C990BB25EAF1}.Release|iPhoneSimulator.ActiveCfg = Release|iPhoneSimulator
		{E81C0383-B43E-40AA-803E-C990BB25EAF1}.Release|iPhoneSimulator.Build.0 = Release|iPhoneSimulator
		{E81C0383-B43E-40AA-803E-C990BB25EAF1}.Release|iPhoneSimulator.Deploy.0 = Release|iPhoneSimulator
		{E81C0383-B43E-40AA-803E-C990BB25EAF1}.Release|x64.ActiveCfg = Release|iPhoneSimulator
		{E81C0383-B43E-40AA-803E-C990BB25EAF1}.Release|x64.Build.0 = Release|iPhoneSimulator
		{E81C0383-B43E-40AA-803E-C990BB25EAF1}.Release|x64.Deploy.0 = Release|iPhoneSimulator
		{E81C0383-B43E-40AA-803E-C990BB25EAF1}.Release|x86.ActiveCfg = Release|iPhoneSimulator
		{E81C0383-B43E-40AA-803E-C990BB25EAF1}.Release|x86.Build.0 = Release|iPhoneSimulator
		{E81C0383-B43E-40AA-803E-C990BB25EAF1}.Release|x86.Deploy.0 = Release|iPhoneSimulator
		{5A6D3403-D787-424A-B45F-BCC9E8AE65BA}.Debug|Any CPU.ActiveCfg = Debug|Any CPU
		{5A6D3403-D787-424A-B45F-BCC9E8AE65BA}.Debug|Any CPU.Build.0 = Debug|Any CPU
		{5A6D3403-D787-424A-B45F-BCC9E8AE65BA}.Debug|Any CPU.Deploy.0 = Debug|Any CPU
		{5A6D3403-D787-424A-B45F-BCC9E8AE65BA}.Debug|ARM.ActiveCfg = Debug|Any CPU
		{5A6D3403-D787-424A-B45F-BCC9E8AE65BA}.Debug|ARM.Build.0 = Debug|Any CPU
		{5A6D3403-D787-424A-B45F-BCC9E8AE65BA}.Debug|ARM.Deploy.0 = Debug|Any CPU
		{5A6D3403-D787-424A-B45F-BCC9E8AE65BA}.Debug|iPhone.ActiveCfg = Debug|Any CPU
		{5A6D3403-D787-424A-B45F-BCC9E8AE65BA}.Debug|iPhone.Build.0 = Debug|Any CPU
		{5A6D3403-D787-424A-B45F-BCC9E8AE65BA}.Debug|iPhone.Deploy.0 = Debug|Any CPU
		{5A6D3403-D787-424A-B45F-BCC9E8AE65BA}.Debug|iPhoneSimulator.ActiveCfg = Debug|Any CPU
		{5A6D3403-D787-424A-B45F-BCC9E8AE65BA}.Debug|iPhoneSimulator.Build.0 = Debug|Any CPU
		{5A6D3403-D787-424A-B45F-BCC9E8AE65BA}.Debug|iPhoneSimulator.Deploy.0 = Debug|Any CPU
		{5A6D3403-D787-424A-B45F-BCC9E8AE65BA}.Debug|x64.ActiveCfg = Debug|Any CPU
		{5A6D3403-D787-424A-B45F-BCC9E8AE65BA}.Debug|x64.Build.0 = Debug|Any CPU
		{5A6D3403-D787-424A-B45F-BCC9E8AE65BA}.Debug|x64.Deploy.0 = Debug|Any CPU
		{5A6D3403-D787-424A-B45F-BCC9E8AE65BA}.Debug|x86.ActiveCfg = Debug|Any CPU
		{5A6D3403-D787-424A-B45F-BCC9E8AE65BA}.Debug|x86.Build.0 = Debug|Any CPU
		{5A6D3403-D787-424A-B45F-BCC9E8AE65BA}.Debug|x86.Deploy.0 = Debug|Any CPU
		{5A6D3403-D787-424A-B45F-BCC9E8AE65BA}.Release|Any CPU.ActiveCfg = Release|Any CPU
		{5A6D3403-D787-424A-B45F-BCC9E8AE65BA}.Release|Any CPU.Build.0 = Release|Any CPU
		{5A6D3403-D787-424A-B45F-BCC9E8AE65BA}.Release|Any CPU.Deploy.0 = Release|Any CPU
		{5A6D3403-D787-424A-B45F-BCC9E8AE65BA}.Release|ARM.ActiveCfg = Release|Any CPU
		{5A6D3403-D787-424A-B45F-BCC9E8AE65BA}.Release|ARM.Build.0 = Release|Any CPU
		{5A6D3403-D787-424A-B45F-BCC9E8AE65BA}.Release|ARM.Deploy.0 = Release|Any CPU
		{5A6D3403-D787-424A-B45F-BCC9E8AE65BA}.Release|iPhone.ActiveCfg = Release|Any CPU
		{5A6D3403-D787-424A-B45F-BCC9E8AE65BA}.Release|iPhone.Build.0 = Release|Any CPU
		{5A6D3403-D787-424A-B45F-BCC9E8AE65BA}.Release|iPhone.Deploy.0 = Release|Any CPU
		{5A6D3403-D787-424A-B45F-BCC9E8AE65BA}.Release|iPhoneSimulator.ActiveCfg = Release|Any CPU
		{5A6D3403-D787-424A-B45F-BCC9E8AE65BA}.Release|iPhoneSimulator.Build.0 = Release|Any CPU
		{5A6D3403-D787-424A-B45F-BCC9E8AE65BA}.Release|iPhoneSimulator.Deploy.0 = Release|Any CPU
		{5A6D3403-D787-424A-B45F-BCC9E8AE65BA}.Release|x64.ActiveCfg = Release|Any CPU
		{5A6D3403-D787-424A-B45F-BCC9E8AE65BA}.Release|x64.Build.0 = Release|Any CPU
		{5A6D3403-D787-424A-B45F-BCC9E8AE65BA}.Release|x64.Deploy.0 = Release|Any CPU
		{5A6D3403-D787-424A-B45F-BCC9E8AE65BA}.Release|x86.ActiveCfg = Release|Any CPU
		{5A6D3403-D787-424A-B45F-BCC9E8AE65BA}.Release|x86.Build.0 = Release|Any CPU
		{5A6D3403-D787-424A-B45F-BCC9E8AE65BA}.Release|x86.Deploy.0 = Release|Any CPU
		{145F531A-E077-4B16-A4FC-991E321D82DC}.Debug|Any CPU.ActiveCfg = Debug|Any CPU
		{145F531A-E077-4B16-A4FC-991E321D82DC}.Debug|Any CPU.Build.0 = Debug|Any CPU
		{145F531A-E077-4B16-A4FC-991E321D82DC}.Debug|ARM.ActiveCfg = Debug|Any CPU
		{145F531A-E077-4B16-A4FC-991E321D82DC}.Debug|ARM.Build.0 = Debug|Any CPU
		{145F531A-E077-4B16-A4FC-991E321D82DC}.Debug|iPhone.ActiveCfg = Debug|Any CPU
		{145F531A-E077-4B16-A4FC-991E321D82DC}.Debug|iPhone.Build.0 = Debug|Any CPU
		{145F531A-E077-4B16-A4FC-991E321D82DC}.Debug|iPhoneSimulator.ActiveCfg = Debug|Any CPU
		{145F531A-E077-4B16-A4FC-991E321D82DC}.Debug|iPhoneSimulator.Build.0 = Debug|Any CPU
		{145F531A-E077-4B16-A4FC-991E321D82DC}.Debug|x64.ActiveCfg = Debug|Any CPU
		{145F531A-E077-4B16-A4FC-991E321D82DC}.Debug|x64.Build.0 = Debug|Any CPU
		{145F531A-E077-4B16-A4FC-991E321D82DC}.Debug|x86.ActiveCfg = Debug|Any CPU
		{145F531A-E077-4B16-A4FC-991E321D82DC}.Debug|x86.Build.0 = Debug|Any CPU
		{145F531A-E077-4B16-A4FC-991E321D82DC}.Release|Any CPU.ActiveCfg = Release|Any CPU
		{145F531A-E077-4B16-A4FC-991E321D82DC}.Release|Any CPU.Build.0 = Release|Any CPU
		{145F531A-E077-4B16-A4FC-991E321D82DC}.Release|ARM.ActiveCfg = Release|Any CPU
		{145F531A-E077-4B16-A4FC-991E321D82DC}.Release|ARM.Build.0 = Release|Any CPU
		{145F531A-E077-4B16-A4FC-991E321D82DC}.Release|iPhone.ActiveCfg = Release|Any CPU
		{145F531A-E077-4B16-A4FC-991E321D82DC}.Release|iPhone.Build.0 = Release|Any CPU
		{145F531A-E077-4B16-A4FC-991E321D82DC}.Release|iPhoneSimulator.ActiveCfg = Release|Any CPU
		{145F531A-E077-4B16-A4FC-991E321D82DC}.Release|iPhoneSimulator.Build.0 = Release|Any CPU
		{145F531A-E077-4B16-A4FC-991E321D82DC}.Release|x64.ActiveCfg = Release|Any CPU
		{145F531A-E077-4B16-A4FC-991E321D82DC}.Release|x64.Build.0 = Release|Any CPU
		{145F531A-E077-4B16-A4FC-991E321D82DC}.Release|x86.ActiveCfg = Release|Any CPU
		{145F531A-E077-4B16-A4FC-991E321D82DC}.Release|x86.Build.0 = Release|Any CPU
		{75AF3F2F-79BD-46EC-B5B4-0003DF615AF3}.Debug|Any CPU.ActiveCfg = Debug|Any CPU
		{75AF3F2F-79BD-46EC-B5B4-0003DF615AF3}.Debug|Any CPU.Build.0 = Debug|Any CPU
		{75AF3F2F-79BD-46EC-B5B4-0003DF615AF3}.Debug|ARM.ActiveCfg = Debug|Any CPU
		{75AF3F2F-79BD-46EC-B5B4-0003DF615AF3}.Debug|ARM.Build.0 = Debug|Any CPU
		{75AF3F2F-79BD-46EC-B5B4-0003DF615AF3}.Debug|iPhone.ActiveCfg = Debug|Any CPU
		{75AF3F2F-79BD-46EC-B5B4-0003DF615AF3}.Debug|iPhone.Build.0 = Debug|Any CPU
		{75AF3F2F-79BD-46EC-B5B4-0003DF615AF3}.Debug|iPhoneSimulator.ActiveCfg = Debug|Any CPU
		{75AF3F2F-79BD-46EC-B5B4-0003DF615AF3}.Debug|iPhoneSimulator.Build.0 = Debug|Any CPU
		{75AF3F2F-79BD-46EC-B5B4-0003DF615AF3}.Debug|x64.ActiveCfg = Debug|Any CPU
		{75AF3F2F-79BD-46EC-B5B4-0003DF615AF3}.Debug|x64.Build.0 = Debug|Any CPU
		{75AF3F2F-79BD-46EC-B5B4-0003DF615AF3}.Debug|x86.ActiveCfg = Debug|Any CPU
		{75AF3F2F-79BD-46EC-B5B4-0003DF615AF3}.Debug|x86.Build.0 = Debug|Any CPU
		{75AF3F2F-79BD-46EC-B5B4-0003DF615AF3}.Release|Any CPU.ActiveCfg = Release|Any CPU
		{75AF3F2F-79BD-46EC-B5B4-0003DF615AF3}.Release|Any CPU.Build.0 = Release|Any CPU
		{75AF3F2F-79BD-46EC-B5B4-0003DF615AF3}.Release|ARM.ActiveCfg = Release|Any CPU
		{75AF3F2F-79BD-46EC-B5B4-0003DF615AF3}.Release|ARM.Build.0 = Release|Any CPU
		{75AF3F2F-79BD-46EC-B5B4-0003DF615AF3}.Release|iPhone.ActiveCfg = Release|Any CPU
		{75AF3F2F-79BD-46EC-B5B4-0003DF615AF3}.Release|iPhone.Build.0 = Release|Any CPU
		{75AF3F2F-79BD-46EC-B5B4-0003DF615AF3}.Release|iPhoneSimulator.ActiveCfg = Release|Any CPU
		{75AF3F2F-79BD-46EC-B5B4-0003DF615AF3}.Release|iPhoneSimulator.Build.0 = Release|Any CPU
		{75AF3F2F-79BD-46EC-B5B4-0003DF615AF3}.Release|x64.ActiveCfg = Release|Any CPU
		{75AF3F2F-79BD-46EC-B5B4-0003DF615AF3}.Release|x64.Build.0 = Release|Any CPU
		{75AF3F2F-79BD-46EC-B5B4-0003DF615AF3}.Release|x86.ActiveCfg = Release|Any CPU
		{75AF3F2F-79BD-46EC-B5B4-0003DF615AF3}.Release|x86.Build.0 = Release|Any CPU
	EndGlobalSection
	GlobalSection(SolutionProperties) = preSolution
		HideSolutionNode = FALSE
	EndGlobalSection
	GlobalSection(ExtensibilityGlobals) = postSolution
		SolutionGuid = {DB243DF3-2FD1-400F-9009-18FE90596731}
	EndGlobalSection
EndGlobal
